
Microsoft Visual Studio Solution File, Format Version 12.00
# Visual Studio Version 16
VisualStudioVersion = 16.0.808.8
MinimumVisualStudioVersion = 10.0.40219.1
Project("{FAE04EC0-301F-11D3-BF4B-00C04F79EFBC}") = "0242-ValidAnagram", "0242-ValidAnagram\0242-ValidAnagram.csproj", "{67B9CED2-CCC5-4789-8899-C4F2E803FC16}"
EndProject
Project("{FAE04EC0-301F-11D3-BF4B-00C04F79EFBC}") = "0020-ValidParentheses", "0020-ValidParentheses\0020-ValidParentheses.csproj", "{162BF6CC-5D2B-4A99-8427-319D0B3A7398}"
EndProject
Project("{FAE04EC0-301F-11D3-BF4B-00C04F79EFBC}") = "1342-NumberOfStepsToReduceNumberToZero", "1342-NumberOfStepsToReduceNumberToZero\1342-NumberOfStepsToReduceNumberToZero.csproj", "{73538495-EB90-48CE-A837-DCA72B238C44}"
EndProject
Project("{FAE04EC0-301F-11D3-BF4B-00C04F79EFBC}") = "1091-ShortestPathinBinaryMatrix", "1091-ShortestPathinBinaryMatrix\1091-ShortestPathinBinaryMatrix.csproj", "{F6DEEB0B-8EAC-4D86-B8D2-5C686439C67E}"
EndProject
Project("{FAE04EC0-301F-11D3-BF4B-00C04F79EFBC}") = "0785-IsGraphBipartite", "0785-IsGraphBipartite\0785-IsGraphBipartite.csproj", "{A9435FD4-8A63-46E1-9C68-13568D170398}"
EndProject
Project("{FAE04EC0-301F-11D3-BF4B-00C04F79EFBC}") = "1337-TheKWeakestRowsinaMatrix", "1337-TheKWeakestRowsinaMatrix\1337-TheKWeakestRowsinaMatrix.csproj", "{7AE07DD1-01C8-47E9-9ADE-DA2CA3C27EDA}"
EndProject
Project("{FAE04EC0-301F-11D3-BF4B-00C04F79EFBC}") = "DynamicProgramming", "DynamicProgramming\DynamicProgramming.csproj", "{FC082B20-9632-4C38-B503-433F2317DE82}"
EndProject
Project("{FAE04EC0-301F-11D3-BF4B-00C04F79EFBC}") = "0784-LetterCasePermutation", "0784-LetterCasePermutation\0784-LetterCasePermutation.csproj", "{48B8A859-1B82-4CF1-8628-8780A4844656}"
EndProject
Project("{FAE04EC0-301F-11D3-BF4B-00C04F79EFBC}") = "0011-ContainerWithMostWater", "0011-ContainerWithMostWater\0011-ContainerWithMostWater.csproj", "{BFE5EDC0-3524-46FF-870E-1373B7ABE623}"
EndProject
Project("{FAE04EC0-301F-11D3-BF4B-00C04F79EFBC}") = "0135-Candy", "0135-Candy\0135-Candy.csproj", "{6A888752-F037-49FE-8FE3-2CE07C6FE6C6}"
EndProject
Project("{FAE04EC0-301F-11D3-BF4B-00C04F79EFBC}") = "0413-ArithmeticSlices", "0413-ArithmeticSlices\0413-ArithmeticSlices.csproj", "{06310176-9FC2-476B-A297-E164018A51F5}"
EndProject
Project("{FAE04EC0-301F-11D3-BF4B-00C04F79EFBC}") = "AngleBrackets", "AngleBrackets\AngleBrackets.csproj", "{9A0F93A2-D3B2-4A75-A12E-72A591D924A9}"
EndProject
Project("{FAE04EC0-301F-11D3-BF4B-00C04F79EFBC}") = "1249-MinimumRemovetoMakeValidParentheses", "1249-MinimumRemovetoMakeValidParentheses\1249-MinimumRemovetoMakeValidParentheses.csproj", "{81DB1FF1-1AB2-4ADC-A1BB-F606E6D4A635}"
EndProject
Project("{FAE04EC0-301F-11D3-BF4B-00C04F79EFBC}") = "0003-LongestSubstringWithoutRepeatingCharacters", "0003-LongestSubstringWithoutRepeatingCharacters\0003-LongestSubstringWithoutRepeatingCharacters.csproj", "{6C65A310-0AD5-4982-8D4E-457E558C132D}"
EndProject
Project("{FAE04EC0-301F-11D3-BF4B-00C04F79EFBC}") = "PrimeFibonacciNumbers", "PrimeFibonacciNumbers\PrimeFibonacciNumbers.csproj", "{CF324E0C-0056-4361-ACB4-0BE04106AB46}"
EndProject
Project("{FAE04EC0-301F-11D3-BF4B-00C04F79EFBC}") = "SubstitutionCipher", "SubstitutionCipher\SubstitutionCipher.csproj", "{F3D65051-7E0F-46A4-B174-9318EA67D2DD}"
EndProject
Project("{FAE04EC0-301F-11D3-BF4B-00C04F79EFBC}") = "BinaryTreeHeight", "BinaryTreeHeight\BinaryTreeHeight.csproj", "{FBB6896A-3433-43A5-87EB-CC2A99424C68}"
EndProject
Project("{FAE04EC0-301F-11D3-BF4B-00C04F79EFBC}") = "BinaryTreeLargerSide", "BinaryTreeLargerSide\BinaryTreeLargerSide.csproj", "{3368564F-18B6-4A18-9AA8-4D2A6421C484}"
EndProject
Project("{FAE04EC0-301F-11D3-BF4B-00C04F79EFBC}") = "0524-LongestWordinDictionarythroughDeleting", "0524-LongestWordinDictionarythroughDeleting\0524-LongestWordinDictionarythroughDeleting.csproj", "{12CE6BF3-E9A1-4123-988D-E52457350051}"
EndProject
Project("{FAE04EC0-301F-11D3-BF4B-00C04F79EFBC}") = "0991-BrokenCalculator", "0991-BrokenCalculator\0991-BrokenCalculator.csproj", "{ACCC5151-7BA7-4BD6-93F1-96925CA15FE2}"
EndProject
Project("{FAE04EC0-301F-11D3-BF4B-00C04F79EFBC}") = "0240-Searcha2DMatrixII", "0240-Searcha2DMatrixII\0240-Searcha2DMatrixII.csproj", "{94D90C0A-3C90-4047-8913-275A35CAB8EA}"
EndProject
Project("{FAE04EC0-301F-11D3-BF4B-00C04F79EFBC}") = "0856-ScoreofParentheses", "0856-ScoreofParentheses\0856-ScoreofParentheses.csproj", "{3EADD861-C4AD-4DCD-A36E-83803B406B3A}"
EndProject
Project("{FAE04EC0-301F-11D3-BF4B-00C04F79EFBC}") = "0946-ValidateStackSequences", "0946-ValidateStackSequences\0946-ValidateStackSequences.csproj", "{B6C3745E-0FAF-4506-8184-25C7746B34A2}"
EndProject
Project("{FAE04EC0-301F-11D3-BF4B-00C04F79EFBC}") = "0581-ShortestUnsortedContinuousSubarray", "0581-ShortestUnsortedContinuousSubarray\0581-ShortestUnsortedContinuousSubarray.csproj", "{1B131528-8A4F-471D-8D12-BBD53944A179}"
EndProject
Project("{FAE04EC0-301F-11D3-BF4B-00C04F79EFBC}") = "0895-MaximumFrequencyStack", "0895-MaximumFrequencyStack\0895-MaximumFrequencyStack.csproj", "{60EA50A2-5F2E-4A22-81F1-56054B2FE8EB}"
EndProject
Project("{FAE04EC0-301F-11D3-BF4B-00C04F79EFBC}") = "0575-DistributeCandies", "0575-DistributeCandies\0575-DistributeCandies.csproj", "{EEDDC500-F6E0-4644-802B-200BA82C83D8}"
EndProject
Project("{FAE04EC0-301F-11D3-BF4B-00C04F79EFBC}") = "0645-SetMismatch", "0645-SetMismatch\0645-SetMismatch.csproj", "{C2A73CA3-C379-4991-8836-4364D65E076A}"
EndProject
Project("{FAE04EC0-301F-11D3-BF4B-00C04F79EFBC}") = "0268-MissingNumber", "0268-MissingNumber\0268-MissingNumber.csproj", "{9AF85767-30A1-45C9-B51C-BD6ABF81B57B}"
EndProject
Project("{FAE04EC0-301F-11D3-BF4B-00C04F79EFBC}") = "1332-RemovePalindromicSubsequences", "1332-RemovePalindromicSubsequences\1332-RemovePalindromicSubsequences.csproj", "{57B58255-4B3E-46CA-8DAB-92CF9EC1CF21}"
EndProject
Project("{FAE04EC0-301F-11D3-BF4B-00C04F79EFBC}") = "0160-IntersectionofTwoLinkedLists", "0160-IntersectionofTwoLinkedLists\0160-IntersectionofTwoLinkedLists.csproj", "{B15C21D0-6354-439E-8263-7E4F7BB8B1FD}"
EndProject
Project("{FAE04EC0-301F-11D3-BF4B-00C04F79EFBC}") = "0322-CoinChange", "0322-CoinChange\0322-CoinChange.csproj", "{4A332039-0E8C-49E2-97E2-DFB2B56D2D11}"
EndProject
Project("{FAE04EC0-301F-11D3-BF4B-00C04F79EFBC}") = "1461-CheckIfaStringContainsAllBinaryCodesofSizeK", "1461-CheckIfaStringContainsAllBinaryCodesofSizeK\1461-CheckIfaStringContainsAllBinaryCodesofSizeK.csproj", "{3BB2A81E-6BF2-4F03-8551-FC693EE85D38}"
EndProject
Project("{FAE04EC0-301F-11D3-BF4B-00C04F79EFBC}") = "0007-ReverseInteger", "0007-ReverseInteger\0007-ReverseInteger.csproj", "{7C3A68E0-ED3A-4E16-9B70-075B817D160F}"
EndProject
Project("{FAE04EC0-301F-11D3-BF4B-00C04F79EFBC}") = "ReformatPhoneNumber", "ReformatPhoneNumber\ReformatPhoneNumber.csproj", "{16090A30-B3D9-411D-A551-8D42D9726B86}"
EndProject
Project("{FAE04EC0-301F-11D3-BF4B-00C04F79EFBC}") = "0823-BinaryTreesWithFactors", "0823-BinaryTreesWithFactors\0823-BinaryTreesWithFactors.csproj", "{3E9487AF-B9BF-4E84-B660-C0707D36C585}"
EndProject
Project("{FAE04EC0-301F-11D3-BF4B-00C04F79EFBC}") = "1721-SwappingNodesinaLinkedList", "1721-SwappingNodesinaLinkedList\1721-SwappingNodesinaLinkedList.csproj", "{1B1315AF-3867-4103-8591-CEF046B0CFD2}"
EndProject
Project("{FAE04EC0-301F-11D3-BF4B-00C04F79EFBC}") = "0535-EncodeandDecodeTinyURL", "0535-EncodeandDecodeTinyURL\0535-EncodeandDecodeTinyURL.csproj", "{06461278-D91B-4153-8229-6D9A78F081DD}"
EndProject
Project("{FAE04EC0-301F-11D3-BF4B-00C04F79EFBC}") = "0714-BestTimetoBuyandSellStockwithTransactionFee", "0714-BestTimetoBuyandSellStockwithTransactionFee\0714-BestTimetoBuyandSellStockwithTransactionFee.csproj", "{E646A9C3-663C-4BE6-BAE4-D4ACC25B1BC5}"
EndProject
Project("{FAE04EC0-301F-11D3-BF4B-00C04F79EFBC}") = "0478-GenerateRandomPointinaCircle", "0478-GenerateRandomPointinaCircle\0478-GenerateRandomPointinaCircle.csproj", "{C1A87217-7E17-43F6-964D-EF0BF16F89FC}"
EndProject
Project("{FAE04EC0-301F-11D3-BF4B-00C04F79EFBC}") = "0376-WiggleSubsequence", "0376-WiggleSubsequence\0376-WiggleSubsequence.csproj", "{9DDD2874-B209-472B-8DFA-94D8389FD6AD}"
EndProject
Project("{FAE04EC0-301F-11D3-BF4B-00C04F79EFBC}") = "0841-KeysandRooms", "0841-KeysandRooms\0841-KeysandRooms.csproj", "{447CD160-9A0B-4951-A58D-354C451AFA77}"
EndProject
Project("{FAE04EC0-301F-11D3-BF4B-00C04F79EFBC}") = "1396-DesignUndergroundSystem", "1396-DesignUndergroundSystem\1396-DesignUndergroundSystem.csproj", "{40D55735-2AB1-4181-8BD4-AAED08B1ED2C}"
EndProject
Project("{FAE04EC0-301F-11D3-BF4B-00C04F79EFBC}") = "0966-VowelSpellchecker", "0966-VowelSpellchecker\0966-VowelSpellchecker.csproj", "{FCA831A8-2118-440C-A746-6C062728B68C}"
EndProject
Project("{FAE04EC0-301F-11D3-BF4B-00C04F79EFBC}") = "0869-ReorderedPowerof2", "0869-ReorderedPowerof2\0869-ReorderedPowerof2.csproj", "{4BDAD4C7-6EBB-467F-A693-EDD5474CC54B}"
EndProject
Project("{FAE04EC0-301F-11D3-BF4B-00C04F79EFBC}") = "0923-3SumWithMultiplicity", "0923-3SumWithMultiplicity\0923-3SumWithMultiplicity.csproj", "{A03A8556-B12C-4F20-9470-23C1DBDA860C}"
EndProject
Project("{FAE04EC0-301F-11D3-BF4B-00C04F79EFBC}") = "0870-AdvantageShuffle", "0870-AdvantageShuffle\0870-AdvantageShuffle.csproj", "{E4D63952-41BA-488B-9196-B0996EC4E4F1}"
EndProject
Project("{FAE04EC0-301F-11D3-BF4B-00C04F79EFBC}") = "0417-PacificAtlanticWaterFlow", "0417-PacificAtlanticWaterFlow\0417-PacificAtlanticWaterFlow.csproj", "{9908DC95-511A-4BFF-87A4-9FB135B5D7DE}"
EndProject
Project("{FAE04EC0-301F-11D3-BF4B-00C04F79EFBC}") = "0916-WordSubsets", "0916-WordSubsets\0916-WordSubsets.csproj", "{1ABC94DB-BC3F-469F-8D78-D66AC68C1B28}"
EndProject
Global
	GlobalSection(SolutionConfigurationPlatforms) = preSolution
		Debug|Any CPU = Debug|Any CPU
		Release|Any CPU = Release|Any CPU
	EndGlobalSection
	GlobalSection(ProjectConfigurationPlatforms) = postSolution
		{67B9CED2-CCC5-4789-8899-C4F2E803FC16}.Debug|Any CPU.ActiveCfg = Debug|Any CPU
		{67B9CED2-CCC5-4789-8899-C4F2E803FC16}.Debug|Any CPU.Build.0 = Debug|Any CPU
		{67B9CED2-CCC5-4789-8899-C4F2E803FC16}.Release|Any CPU.ActiveCfg = Release|Any CPU
		{67B9CED2-CCC5-4789-8899-C4F2E803FC16}.Release|Any CPU.Build.0 = Release|Any CPU
		{162BF6CC-5D2B-4A99-8427-319D0B3A7398}.Debug|Any CPU.ActiveCfg = Debug|Any CPU
		{162BF6CC-5D2B-4A99-8427-319D0B3A7398}.Debug|Any CPU.Build.0 = Debug|Any CPU
		{162BF6CC-5D2B-4A99-8427-319D0B3A7398}.Release|Any CPU.ActiveCfg = Release|Any CPU
		{162BF6CC-5D2B-4A99-8427-319D0B3A7398}.Release|Any CPU.Build.0 = Release|Any CPU
		{73538495-EB90-48CE-A837-DCA72B238C44}.Debug|Any CPU.ActiveCfg = Debug|Any CPU
		{73538495-EB90-48CE-A837-DCA72B238C44}.Debug|Any CPU.Build.0 = Debug|Any CPU
		{73538495-EB90-48CE-A837-DCA72B238C44}.Release|Any CPU.ActiveCfg = Release|Any CPU
		{73538495-EB90-48CE-A837-DCA72B238C44}.Release|Any CPU.Build.0 = Release|Any CPU
		{F6DEEB0B-8EAC-4D86-B8D2-5C686439C67E}.Debug|Any CPU.ActiveCfg = Debug|Any CPU
		{F6DEEB0B-8EAC-4D86-B8D2-5C686439C67E}.Debug|Any CPU.Build.0 = Debug|Any CPU
		{F6DEEB0B-8EAC-4D86-B8D2-5C686439C67E}.Release|Any CPU.ActiveCfg = Release|Any CPU
		{F6DEEB0B-8EAC-4D86-B8D2-5C686439C67E}.Release|Any CPU.Build.0 = Release|Any CPU
		{A9435FD4-8A63-46E1-9C68-13568D170398}.Debug|Any CPU.ActiveCfg = Debug|Any CPU
		{A9435FD4-8A63-46E1-9C68-13568D170398}.Debug|Any CPU.Build.0 = Debug|Any CPU
		{A9435FD4-8A63-46E1-9C68-13568D170398}.Release|Any CPU.ActiveCfg = Release|Any CPU
		{A9435FD4-8A63-46E1-9C68-13568D170398}.Release|Any CPU.Build.0 = Release|Any CPU
		{7AE07DD1-01C8-47E9-9ADE-DA2CA3C27EDA}.Debug|Any CPU.ActiveCfg = Debug|Any CPU
		{7AE07DD1-01C8-47E9-9ADE-DA2CA3C27EDA}.Debug|Any CPU.Build.0 = Debug|Any CPU
		{7AE07DD1-01C8-47E9-9ADE-DA2CA3C27EDA}.Release|Any CPU.ActiveCfg = Release|Any CPU
		{7AE07DD1-01C8-47E9-9ADE-DA2CA3C27EDA}.Release|Any CPU.Build.0 = Release|Any CPU
		{FC082B20-9632-4C38-B503-433F2317DE82}.Debug|Any CPU.ActiveCfg = Debug|Any CPU
		{FC082B20-9632-4C38-B503-433F2317DE82}.Debug|Any CPU.Build.0 = Debug|Any CPU
		{FC082B20-9632-4C38-B503-433F2317DE82}.Release|Any CPU.ActiveCfg = Release|Any CPU
		{FC082B20-9632-4C38-B503-433F2317DE82}.Release|Any CPU.Build.0 = Release|Any CPU
		{48B8A859-1B82-4CF1-8628-8780A4844656}.Debug|Any CPU.ActiveCfg = Debug|Any CPU
		{48B8A859-1B82-4CF1-8628-8780A4844656}.Debug|Any CPU.Build.0 = Debug|Any CPU
		{48B8A859-1B82-4CF1-8628-8780A4844656}.Release|Any CPU.ActiveCfg = Release|Any CPU
		{48B8A859-1B82-4CF1-8628-8780A4844656}.Release|Any CPU.Build.0 = Release|Any CPU
		{BFE5EDC0-3524-46FF-870E-1373B7ABE623}.Debug|Any CPU.ActiveCfg = Debug|Any CPU
		{BFE5EDC0-3524-46FF-870E-1373B7ABE623}.Debug|Any CPU.Build.0 = Debug|Any CPU
		{BFE5EDC0-3524-46FF-870E-1373B7ABE623}.Release|Any CPU.ActiveCfg = Release|Any CPU
		{BFE5EDC0-3524-46FF-870E-1373B7ABE623}.Release|Any CPU.Build.0 = Release|Any CPU
		{6A888752-F037-49FE-8FE3-2CE07C6FE6C6}.Debug|Any CPU.ActiveCfg = Debug|Any CPU
		{6A888752-F037-49FE-8FE3-2CE07C6FE6C6}.Debug|Any CPU.Build.0 = Debug|Any CPU
		{6A888752-F037-49FE-8FE3-2CE07C6FE6C6}.Release|Any CPU.ActiveCfg = Release|Any CPU
		{6A888752-F037-49FE-8FE3-2CE07C6FE6C6}.Release|Any CPU.Build.0 = Release|Any CPU
		{06310176-9FC2-476B-A297-E164018A51F5}.Debug|Any CPU.ActiveCfg = Debug|Any CPU
		{06310176-9FC2-476B-A297-E164018A51F5}.Debug|Any CPU.Build.0 = Debug|Any CPU
		{06310176-9FC2-476B-A297-E164018A51F5}.Release|Any CPU.ActiveCfg = Release|Any CPU
		{06310176-9FC2-476B-A297-E164018A51F5}.Release|Any CPU.Build.0 = Release|Any CPU
		{9A0F93A2-D3B2-4A75-A12E-72A591D924A9}.Debug|Any CPU.ActiveCfg = Debug|Any CPU
		{9A0F93A2-D3B2-4A75-A12E-72A591D924A9}.Debug|Any CPU.Build.0 = Debug|Any CPU
		{9A0F93A2-D3B2-4A75-A12E-72A591D924A9}.Release|Any CPU.ActiveCfg = Release|Any CPU
		{9A0F93A2-D3B2-4A75-A12E-72A591D924A9}.Release|Any CPU.Build.0 = Release|Any CPU
		{81DB1FF1-1AB2-4ADC-A1BB-F606E6D4A635}.Debug|Any CPU.ActiveCfg = Debug|Any CPU
		{81DB1FF1-1AB2-4ADC-A1BB-F606E6D4A635}.Debug|Any CPU.Build.0 = Debug|Any CPU
		{81DB1FF1-1AB2-4ADC-A1BB-F606E6D4A635}.Release|Any CPU.ActiveCfg = Release|Any CPU
		{81DB1FF1-1AB2-4ADC-A1BB-F606E6D4A635}.Release|Any CPU.Build.0 = Release|Any CPU
		{6C65A310-0AD5-4982-8D4E-457E558C132D}.Debug|Any CPU.ActiveCfg = Debug|Any CPU
		{6C65A310-0AD5-4982-8D4E-457E558C132D}.Debug|Any CPU.Build.0 = Debug|Any CPU
		{6C65A310-0AD5-4982-8D4E-457E558C132D}.Release|Any CPU.ActiveCfg = Release|Any CPU
		{6C65A310-0AD5-4982-8D4E-457E558C132D}.Release|Any CPU.Build.0 = Release|Any CPU
		{CF324E0C-0056-4361-ACB4-0BE04106AB46}.Debug|Any CPU.ActiveCfg = Debug|Any CPU
		{CF324E0C-0056-4361-ACB4-0BE04106AB46}.Debug|Any CPU.Build.0 = Debug|Any CPU
		{CF324E0C-0056-4361-ACB4-0BE04106AB46}.Release|Any CPU.ActiveCfg = Release|Any CPU
		{CF324E0C-0056-4361-ACB4-0BE04106AB46}.Release|Any CPU.Build.0 = Release|Any CPU
		{F3D65051-7E0F-46A4-B174-9318EA67D2DD}.Debug|Any CPU.ActiveCfg = Debug|Any CPU
		{F3D65051-7E0F-46A4-B174-9318EA67D2DD}.Debug|Any CPU.Build.0 = Debug|Any CPU
		{F3D65051-7E0F-46A4-B174-9318EA67D2DD}.Release|Any CPU.ActiveCfg = Release|Any CPU
		{F3D65051-7E0F-46A4-B174-9318EA67D2DD}.Release|Any CPU.Build.0 = Release|Any CPU
		{FBB6896A-3433-43A5-87EB-CC2A99424C68}.Debug|Any CPU.ActiveCfg = Debug|Any CPU
		{FBB6896A-3433-43A5-87EB-CC2A99424C68}.Debug|Any CPU.Build.0 = Debug|Any CPU
		{FBB6896A-3433-43A5-87EB-CC2A99424C68}.Release|Any CPU.ActiveCfg = Release|Any CPU
		{FBB6896A-3433-43A5-87EB-CC2A99424C68}.Release|Any CPU.Build.0 = Release|Any CPU
		{3368564F-18B6-4A18-9AA8-4D2A6421C484}.Debug|Any CPU.ActiveCfg = Debug|Any CPU
		{3368564F-18B6-4A18-9AA8-4D2A6421C484}.Debug|Any CPU.Build.0 = Debug|Any CPU
		{3368564F-18B6-4A18-9AA8-4D2A6421C484}.Release|Any CPU.ActiveCfg = Release|Any CPU
		{3368564F-18B6-4A18-9AA8-4D2A6421C484}.Release|Any CPU.Build.0 = Release|Any CPU
		{12CE6BF3-E9A1-4123-988D-E52457350051}.Debug|Any CPU.ActiveCfg = Debug|Any CPU
		{12CE6BF3-E9A1-4123-988D-E52457350051}.Debug|Any CPU.Build.0 = Debug|Any CPU
		{12CE6BF3-E9A1-4123-988D-E52457350051}.Release|Any CPU.ActiveCfg = Release|Any CPU
		{12CE6BF3-E9A1-4123-988D-E52457350051}.Release|Any CPU.Build.0 = Release|Any CPU
		{ACCC5151-7BA7-4BD6-93F1-96925CA15FE2}.Debug|Any CPU.ActiveCfg = Debug|Any CPU
		{ACCC5151-7BA7-4BD6-93F1-96925CA15FE2}.Debug|Any CPU.Build.0 = Debug|Any CPU
		{ACCC5151-7BA7-4BD6-93F1-96925CA15FE2}.Release|Any CPU.ActiveCfg = Release|Any CPU
		{ACCC5151-7BA7-4BD6-93F1-96925CA15FE2}.Release|Any CPU.Build.0 = Release|Any CPU
		{94D90C0A-3C90-4047-8913-275A35CAB8EA}.Debug|Any CPU.ActiveCfg = Debug|Any CPU
		{94D90C0A-3C90-4047-8913-275A35CAB8EA}.Debug|Any CPU.Build.0 = Debug|Any CPU
		{94D90C0A-3C90-4047-8913-275A35CAB8EA}.Release|Any CPU.ActiveCfg = Release|Any CPU
		{94D90C0A-3C90-4047-8913-275A35CAB8EA}.Release|Any CPU.Build.0 = Release|Any CPU
		{3EADD861-C4AD-4DCD-A36E-83803B406B3A}.Debug|Any CPU.ActiveCfg = Debug|Any CPU
		{3EADD861-C4AD-4DCD-A36E-83803B406B3A}.Debug|Any CPU.Build.0 = Debug|Any CPU
		{3EADD861-C4AD-4DCD-A36E-83803B406B3A}.Release|Any CPU.ActiveCfg = Release|Any CPU
		{3EADD861-C4AD-4DCD-A36E-83803B406B3A}.Release|Any CPU.Build.0 = Release|Any CPU
		{B6C3745E-0FAF-4506-8184-25C7746B34A2}.Debug|Any CPU.ActiveCfg = Debug|Any CPU
		{B6C3745E-0FAF-4506-8184-25C7746B34A2}.Debug|Any CPU.Build.0 = Debug|Any CPU
		{B6C3745E-0FAF-4506-8184-25C7746B34A2}.Release|Any CPU.ActiveCfg = Release|Any CPU
		{B6C3745E-0FAF-4506-8184-25C7746B34A2}.Release|Any CPU.Build.0 = Release|Any CPU
		{1B131528-8A4F-471D-8D12-BBD53944A179}.Debug|Any CPU.ActiveCfg = Debug|Any CPU
		{1B131528-8A4F-471D-8D12-BBD53944A179}.Debug|Any CPU.Build.0 = Debug|Any CPU
		{1B131528-8A4F-471D-8D12-BBD53944A179}.Release|Any CPU.ActiveCfg = Release|Any CPU
		{1B131528-8A4F-471D-8D12-BBD53944A179}.Release|Any CPU.Build.0 = Release|Any CPU
		{60EA50A2-5F2E-4A22-81F1-56054B2FE8EB}.Debug|Any CPU.ActiveCfg = Debug|Any CPU
		{60EA50A2-5F2E-4A22-81F1-56054B2FE8EB}.Debug|Any CPU.Build.0 = Debug|Any CPU
		{60EA50A2-5F2E-4A22-81F1-56054B2FE8EB}.Release|Any CPU.ActiveCfg = Release|Any CPU
		{60EA50A2-5F2E-4A22-81F1-56054B2FE8EB}.Release|Any CPU.Build.0 = Release|Any CPU
		{EEDDC500-F6E0-4644-802B-200BA82C83D8}.Debug|Any CPU.ActiveCfg = Debug|Any CPU
		{EEDDC500-F6E0-4644-802B-200BA82C83D8}.Debug|Any CPU.Build.0 = Debug|Any CPU
		{EEDDC500-F6E0-4644-802B-200BA82C83D8}.Release|Any CPU.ActiveCfg = Release|Any CPU
		{EEDDC500-F6E0-4644-802B-200BA82C83D8}.Release|Any CPU.Build.0 = Release|Any CPU
		{C2A73CA3-C379-4991-8836-4364D65E076A}.Debug|Any CPU.ActiveCfg = Debug|Any CPU
		{C2A73CA3-C379-4991-8836-4364D65E076A}.Debug|Any CPU.Build.0 = Debug|Any CPU
		{C2A73CA3-C379-4991-8836-4364D65E076A}.Release|Any CPU.ActiveCfg = Release|Any CPU
		{C2A73CA3-C379-4991-8836-4364D65E076A}.Release|Any CPU.Build.0 = Release|Any CPU
		{9AF85767-30A1-45C9-B51C-BD6ABF81B57B}.Debug|Any CPU.ActiveCfg = Debug|Any CPU
		{9AF85767-30A1-45C9-B51C-BD6ABF81B57B}.Debug|Any CPU.Build.0 = Debug|Any CPU
		{9AF85767-30A1-45C9-B51C-BD6ABF81B57B}.Release|Any CPU.ActiveCfg = Release|Any CPU
		{9AF85767-30A1-45C9-B51C-BD6ABF81B57B}.Release|Any CPU.Build.0 = Release|Any CPU
		{57B58255-4B3E-46CA-8DAB-92CF9EC1CF21}.Debug|Any CPU.ActiveCfg = Debug|Any CPU
		{57B58255-4B3E-46CA-8DAB-92CF9EC1CF21}.Debug|Any CPU.Build.0 = Debug|Any CPU
		{57B58255-4B3E-46CA-8DAB-92CF9EC1CF21}.Release|Any CPU.ActiveCfg = Release|Any CPU
		{57B58255-4B3E-46CA-8DAB-92CF9EC1CF21}.Release|Any CPU.Build.0 = Release|Any CPU
		{B15C21D0-6354-439E-8263-7E4F7BB8B1FD}.Debug|Any CPU.ActiveCfg = Debug|Any CPU
		{B15C21D0-6354-439E-8263-7E4F7BB8B1FD}.Debug|Any CPU.Build.0 = Debug|Any CPU
		{B15C21D0-6354-439E-8263-7E4F7BB8B1FD}.Release|Any CPU.ActiveCfg = Release|Any CPU
		{B15C21D0-6354-439E-8263-7E4F7BB8B1FD}.Release|Any CPU.Build.0 = Release|Any CPU
		{4A332039-0E8C-49E2-97E2-DFB2B56D2D11}.Debug|Any CPU.ActiveCfg = Debug|Any CPU
		{4A332039-0E8C-49E2-97E2-DFB2B56D2D11}.Debug|Any CPU.Build.0 = Debug|Any CPU
		{4A332039-0E8C-49E2-97E2-DFB2B56D2D11}.Release|Any CPU.ActiveCfg = Release|Any CPU
		{4A332039-0E8C-49E2-97E2-DFB2B56D2D11}.Release|Any CPU.Build.0 = Release|Any CPU
		{3BB2A81E-6BF2-4F03-8551-FC693EE85D38}.Debug|Any CPU.ActiveCfg = Debug|Any CPU
		{3BB2A81E-6BF2-4F03-8551-FC693EE85D38}.Debug|Any CPU.Build.0 = Debug|Any CPU
		{3BB2A81E-6BF2-4F03-8551-FC693EE85D38}.Release|Any CPU.ActiveCfg = Release|Any CPU
		{3BB2A81E-6BF2-4F03-8551-FC693EE85D38}.Release|Any CPU.Build.0 = Release|Any CPU
		{7C3A68E0-ED3A-4E16-9B70-075B817D160F}.Debug|Any CPU.ActiveCfg = Debug|Any CPU
		{7C3A68E0-ED3A-4E16-9B70-075B817D160F}.Debug|Any CPU.Build.0 = Debug|Any CPU
		{7C3A68E0-ED3A-4E16-9B70-075B817D160F}.Release|Any CPU.ActiveCfg = Release|Any CPU
		{7C3A68E0-ED3A-4E16-9B70-075B817D160F}.Release|Any CPU.Build.0 = Release|Any CPU
		{16090A30-B3D9-411D-A551-8D42D9726B86}.Debug|Any CPU.ActiveCfg = Debug|Any CPU
		{16090A30-B3D9-411D-A551-8D42D9726B86}.Debug|Any CPU.Build.0 = Debug|Any CPU
		{16090A30-B3D9-411D-A551-8D42D9726B86}.Release|Any CPU.ActiveCfg = Release|Any CPU
		{16090A30-B3D9-411D-A551-8D42D9726B86}.Release|Any CPU.Build.0 = Release|Any CPU
		{3E9487AF-B9BF-4E84-B660-C0707D36C585}.Debug|Any CPU.ActiveCfg = Debug|Any CPU
		{3E9487AF-B9BF-4E84-B660-C0707D36C585}.Debug|Any CPU.Build.0 = Debug|Any CPU
		{3E9487AF-B9BF-4E84-B660-C0707D36C585}.Release|Any CPU.ActiveCfg = Release|Any CPU
		{3E9487AF-B9BF-4E84-B660-C0707D36C585}.Release|Any CPU.Build.0 = Release|Any CPU
		{1B1315AF-3867-4103-8591-CEF046B0CFD2}.Debug|Any CPU.ActiveCfg = Debug|Any CPU
		{1B1315AF-3867-4103-8591-CEF046B0CFD2}.Debug|Any CPU.Build.0 = Debug|Any CPU
		{1B1315AF-3867-4103-8591-CEF046B0CFD2}.Release|Any CPU.ActiveCfg = Release|Any CPU
		{1B1315AF-3867-4103-8591-CEF046B0CFD2}.Release|Any CPU.Build.0 = Release|Any CPU
		{06461278-D91B-4153-8229-6D9A78F081DD}.Debug|Any CPU.ActiveCfg = Debug|Any CPU
		{06461278-D91B-4153-8229-6D9A78F081DD}.Debug|Any CPU.Build.0 = Debug|Any CPU
		{06461278-D91B-4153-8229-6D9A78F081DD}.Release|Any CPU.ActiveCfg = Release|Any CPU
		{06461278-D91B-4153-8229-6D9A78F081DD}.Release|Any CPU.Build.0 = Release|Any CPU
		{E646A9C3-663C-4BE6-BAE4-D4ACC25B1BC5}.Debug|Any CPU.ActiveCfg = Debug|Any CPU
		{E646A9C3-663C-4BE6-BAE4-D4ACC25B1BC5}.Debug|Any CPU.Build.0 = Debug|Any CPU
		{E646A9C3-663C-4BE6-BAE4-D4ACC25B1BC5}.Release|Any CPU.ActiveCfg = Release|Any CPU
		{E646A9C3-663C-4BE6-BAE4-D4ACC25B1BC5}.Release|Any CPU.Build.0 = Release|Any CPU
		{C1A87217-7E17-43F6-964D-EF0BF16F89FC}.Debug|Any CPU.ActiveCfg = Debug|Any CPU
		{C1A87217-7E17-43F6-964D-EF0BF16F89FC}.Debug|Any CPU.Build.0 = Debug|Any CPU
		{C1A87217-7E17-43F6-964D-EF0BF16F89FC}.Release|Any CPU.ActiveCfg = Release|Any CPU
		{C1A87217-7E17-43F6-964D-EF0BF16F89FC}.Release|Any CPU.Build.0 = Release|Any CPU
		{9DDD2874-B209-472B-8DFA-94D8389FD6AD}.Debug|Any CPU.ActiveCfg = Debug|Any CPU
		{9DDD2874-B209-472B-8DFA-94D8389FD6AD}.Debug|Any CPU.Build.0 = Debug|Any CPU
		{9DDD2874-B209-472B-8DFA-94D8389FD6AD}.Release|Any CPU.ActiveCfg = Release|Any CPU
		{9DDD2874-B209-472B-8DFA-94D8389FD6AD}.Release|Any CPU.Build.0 = Release|Any CPU
		{447CD160-9A0B-4951-A58D-354C451AFA77}.Debug|Any CPU.ActiveCfg = Debug|Any CPU
		{447CD160-9A0B-4951-A58D-354C451AFA77}.Debug|Any CPU.Build.0 = Debug|Any CPU
		{447CD160-9A0B-4951-A58D-354C451AFA77}.Release|Any CPU.ActiveCfg = Release|Any CPU
		{447CD160-9A0B-4951-A58D-354C451AFA77}.Release|Any CPU.Build.0 = Release|Any CPU
		{40D55735-2AB1-4181-8BD4-AAED08B1ED2C}.Debug|Any CPU.ActiveCfg = Debug|Any CPU
		{40D55735-2AB1-4181-8BD4-AAED08B1ED2C}.Debug|Any CPU.Build.0 = Debug|Any CPU
		{40D55735-2AB1-4181-8BD4-AAED08B1ED2C}.Release|Any CPU.ActiveCfg = Release|Any CPU
		{40D55735-2AB1-4181-8BD4-AAED08B1ED2C}.Release|Any CPU.Build.0 = Release|Any CPU
		{FCA831A8-2118-440C-A746-6C062728B68C}.Debug|Any CPU.ActiveCfg = Debug|Any CPU
		{FCA831A8-2118-440C-A746-6C062728B68C}.Debug|Any CPU.Build.0 = Debug|Any CPU
		{FCA831A8-2118-440C-A746-6C062728B68C}.Release|Any CPU.ActiveCfg = Release|Any CPU
		{FCA831A8-2118-440C-A746-6C062728B68C}.Release|Any CPU.Build.0 = Release|Any CPU
		{4BDAD4C7-6EBB-467F-A693-EDD5474CC54B}.Debug|Any CPU.ActiveCfg = Debug|Any CPU
		{4BDAD4C7-6EBB-467F-A693-EDD5474CC54B}.Debug|Any CPU.Build.0 = Debug|Any CPU
		{4BDAD4C7-6EBB-467F-A693-EDD5474CC54B}.Release|Any CPU.ActiveCfg = Release|Any CPU
		{4BDAD4C7-6EBB-467F-A693-EDD5474CC54B}.Release|Any CPU.Build.0 = Release|Any CPU
		{A03A8556-B12C-4F20-9470-23C1DBDA860C}.Debug|Any CPU.ActiveCfg = Debug|Any CPU
		{A03A8556-B12C-4F20-9470-23C1DBDA860C}.Debug|Any CPU.Build.0 = Debug|Any CPU
		{A03A8556-B12C-4F20-9470-23C1DBDA860C}.Release|Any CPU.ActiveCfg = Release|Any CPU
		{A03A8556-B12C-4F20-9470-23C1DBDA860C}.Release|Any CPU.Build.0 = Release|Any CPU
		{E4D63952-41BA-488B-9196-B0996EC4E4F1}.Debug|Any CPU.ActiveCfg = Debug|Any CPU
		{E4D63952-41BA-488B-9196-B0996EC4E4F1}.Debug|Any CPU.Build.0 = Debug|Any CPU
		{E4D63952-41BA-488B-9196-B0996EC4E4F1}.Release|Any CPU.ActiveCfg = Release|Any CPU
		{E4D63952-41BA-488B-9196-B0996EC4E4F1}.Release|Any CPU.Build.0 = Release|Any CPU
		{9908DC95-511A-4BFF-87A4-9FB135B5D7DE}.Debug|Any CPU.ActiveCfg = Debug|Any CPU
		{9908DC95-511A-4BFF-87A4-9FB135B5D7DE}.Debug|Any CPU.Build.0 = Debug|Any CPU
		{9908DC95-511A-4BFF-87A4-9FB135B5D7DE}.Release|Any CPU.ActiveCfg = Release|Any CPU
		{9908DC95-511A-4BFF-87A4-9FB135B5D7DE}.Release|Any CPU.Build.0 = Release|Any CPU
		{1ABC94DB-BC3F-469F-8D78-D66AC68C1B28}.Debug|Any CPU.ActiveCfg = Debug|Any CPU
		{1ABC94DB-BC3F-469F-8D78-D66AC68C1B28}.Debug|Any CPU.Build.0 = Debug|Any CPU
		{1ABC94DB-BC3F-469F-8D78-D66AC68C1B28}.Release|Any CPU.ActiveCfg = Release|Any CPU
		{1ABC94DB-BC3F-469F-8D78-D66AC68C1B28}.Release|Any CPU.Build.0 = Release|Any CPU
	EndGlobalSection
	GlobalSection(SolutionProperties) = preSolution
		HideSolutionNode = FALSE
	EndGlobalSection
	GlobalSection(ExtensibilityGlobals) = postSolution
		SolutionGuid = {079A7E7C-4212-4B4C-8CC1-B8B4B0EEF5BA}
	EndGlobalSection
EndGlobal
